
Microsoft Visual Studio Solution File, Format Version 12.00
# Visual Studio Version 17
VisualStudioVersion = 17.0.31903.59
MinimumVisualStudioVersion = 10.0.40219.1
Project("{9A19103F-16F7-4668-BE54-9A1E7A4F7556}") = "TPS.Core", "TPS.Core\TPS.Core.csproj", "{BD11AE76-187A-4A63-AB9D-5AC40D2C2EA1}"
EndProject
Project("{9A19103F-16F7-4668-BE54-9A1E7A4F7556}") = "AHK.Interop", "AHK.Interop\AHK.Interop.csproj", "{F89EB856-467A-499F-A8EF-140AA1D20501}"
EndProject
Project("{9A19103F-16F7-4668-BE54-9A1E7A4F7556}") = "TPS.Desktop", "TPS.Desktop\TPS.Desktop.csproj", "{FCFD4046-561A-44A0-85D1-DEFFA4F79817}"
EndProject
Global
	GlobalSection(SolutionConfigurationPlatforms) = preSolution
		Debug|Any CPU = Debug|Any CPU
		Release|Any CPU = Release|Any CPU
	EndGlobalSection
	GlobalSection(ProjectConfigurationPlatforms) = postSolution
		{BD11AE76-187A-4A63-AB9D-5AC40D2C2EA1}.Debug|Any CPU.ActiveCfg = Debug|Any CPU
		{BD11AE76-187A-4A63-AB9D-5AC40D2C2EA1}.Debug|Any CPU.Build.0 = Debug|Any CPU
		{BD11AE76-187A-4A63-AB9D-5AC40D2C2EA1}.Release|Any CPU.ActiveCfg = Release|Any CPU
		{BD11AE76-187A-4A63-AB9D-5AC40D2C2EA1}.Release|Any CPU.Build.0 = Release|Any CPU
		{F89EB856-467A-499F-A8EF-140AA1D20501}.Debug|Any CPU.ActiveCfg = Debug|Any CPU
		{F89EB856-467A-499F-A8EF-140AA1D20501}.Debug|Any CPU.Build.0 = Debug|Any CPU
		{F89EB856-467A-499F-A8EF-140AA1D20501}.Release|Any CPU.ActiveCfg = Release|Any CPU
		{F89EB856-467A-499F-A8EF-140AA1D20501}.Release|Any CPU.Build.0 = Release|Any CPU
		{FCFD4046-561A-44A0-85D1-DEFFA4F79817}.Debug|Any CPU.ActiveCfg = Debug|Any CPU
		{FCFD4046-561A-44A0-85D1-DEFFA4F79817}.Debug|Any CPU.Build.0 = Debug|Any CPU
		{FCFD4046-561A-44A0-85D1-DEFFA4F79817}.Release|Any CPU.ActiveCfg = Release|Any CPU
		{FCFD4046-561A-44A0-85D1-DEFFA4F79817}.Release|Any CPU.Build.0 = Release|Any CPU
	EndGlobalSection
	GlobalSection(SolutionProperties) = preSolution
		HideSolutionNode = FALSE
	EndGlobalSection
	GlobalSection(ExtensibilityGlobals) = postSolution
		SolutionGuid = {2074BDBA-AA1C-4623-9F22-99FCF1CA472E}
	EndGlobalSection
EndGlobal
